{
  "name": "wplug-test",
  "version": "1.0.0",
  "lockfileVersion": 2,
  "requires": true,
  "packages": {
    "": {
      "name": "wplug-test",
      "version": "1.0.0",
      "dependencies": {
        "wplug": ".."
      }
    },
    "..": {
      "version": "1.0.0",
      "dependencies": {
        "@babel/core": "^7.20.2",
        "@babel/preset-env": "^7.20.2",
        "babel-loader": "^9.1.0",
        "babel-plugin-import-directory": "1.1.0",
        "copy-webpack-plugin": "^11.0.0",
        "rimraf": "4.1.2",
        "webpack": "^5.74.0",
        "webpack-cli": "^4.10.0",
        "webpack-glsl-loader": "^1.0.1"
      }
    },
    "node_modules/wplug": {
      "resolved": "..",
      "link": true
    }
  },
  "dependencies": {
    "wplug": {
      "version": "file:..",
      "requires": {
        "@babel/core": "^7.20.2",
        "@babel/preset-env": "^7.20.2",
        "babel-loader": "^9.1.0",
        "babel-plugin-import-directory": "1.1.0",
        "copy-webpack-plugin": "^11.0.0",
        "rimraf": "4.1.2",
        "webpack": "^5.74.0",
        "webpack-cli": "^4.10.0",
        "webpack-glsl-loader": "^1.0.1"
      }
    }
  }
}
